
Microsoft Visual Studio Solution File, Format Version 12.00
# Visual Studio Version 17
VisualStudioVersion = 17.6.33815.320
MinimumVisualStudioVersion = 10.0.40219.1
Project("{9A19103F-16F7-4668-BE54-9A1E7A4F7556}") = "BestestTheaters.WebApp", "BestestTheaters.WebApp\BestestTheaters.WebApp.csproj", "{A8AE4C75-1383-4220-B569-5D16766FE23B}"
EndProject
Global
	GlobalSection(SolutionConfigurationPlatforms) = preSolution
		Debug|Any CPU = Debug|Any CPU
		Release|Any CPU = Release|Any CPU
	EndGlobalSection
	GlobalSection(ProjectConfigurationPlatforms) = postSolution
		{A8AE4C75-1383-4220-B569-5D16766FE23B}.Debug|Any CPU.ActiveCfg = Debug|Any CPU
		{A8AE4C75-1383-4220-B569-5D16766FE23B}.Debug|Any CPU.Build.0 = Debug|Any CPU
		{A8AE4C75-1383-4220-B569-5D16766FE23B}.Release|Any CPU.ActiveCfg = Release|Any CPU
		{A8AE4C75-1383-4220-B569-5D16766FE23B}.Release|Any CPU.Build.0 = Release|Any CPU
	EndGlobalSection
	GlobalSection(SolutionProperties) = preSolution
		HideSolutionNode = FALSE
	EndGlobalSection
	GlobalSection(ExtensibilityGlobals) = postSolution
		SolutionGuid = {A4916783-629F-47B8-9558-77394820B259}
	EndGlobalSection
EndGlobal
